{
    "_readme": [
        "This file locks the dependencies of your project to a known state",
        "Read more about it at https://getcomposer.org/doc/01-basic-usage.md#composer-lock-the-lock-file",
        "This file is @generated automatically"
    ],
    "hash": "b9f5bead5032802e7c9cbb177f869460",
    "content-hash": "ce8b6e186ae614725dc4398236c6eaae",
    "packages": [
        {
            "name": "igorw/get-in",
            "version": "v1.0.3",
            "source": {
                "type": "git",
                "url": "https://github.com/igorw/get-in.git",
                "reference": "170ded831f49abc6a6061f655aba9bdbcf7b8111"
            },
            "dist": {
                "type": "zip",
                "url": "https://api.github.com/repos/igorw/get-in/zipball/170ded831f49abc6a6061f655aba9bdbcf7b8111",
                "reference": "170ded831f49abc6a6061f655aba9bdbcf7b8111",
                "shasum": ""
            },
            "require": {
                "php": ">=5.4"
            },
            "type": "library",
            "extra": {
                "branch-alias": {
                    "dev-master": "1.0-dev"
                }
            },
            "autoload": {
                "files": [
                    "src/get_in.php"
                ]
            },
            "notification-url": "https://packagist.org/downloads/",
            "license": [
                "MIT"
            ],
            "authors": [
                {
                    "name": "Igor Wiedler",
                    "email": "igor@wiedler.ch"
                }
            ],
            "description": "Functions for for hash map (assoc array) traversal.",
            "keywords": [
                "assoc-array",
                "hash-map"
            ],
            "time": "2014-12-15 23:03:51"
        },
        {
            "name": "nikic/php-parser",
            "version": "v2.1.0",
            "source": {
                "type": "git",
                "url": "https://github.com/nikic/PHP-Parser.git",
                "reference": "47b254ea51f1d6d5dc04b9b299e88346bf2369e3"
            },
            "dist": {
                "type": "zip",
                "url": "https://api.github.com/repos/nikic/PHP-Parser/zipball/47b254ea51f1d6d5dc04b9b299e88346bf2369e3",
                "reference": "47b254ea51f1d6d5dc04b9b299e88346bf2369e3",
                "shasum": ""
            },
            "require": {
                "ext-tokenizer": "*",
                "php": ">=5.4"
            },
            "require-dev": {
                "phpunit/phpunit": "~4.0"
            },
            "bin": [
                "bin/php-parse"
            ],
            "type": "library",
            "extra": {
                "branch-alias": {
                    "dev-master": "2.1-dev"
                }
            },
            "autoload": {
                "psr-4": {
                    "PhpParser\\": "lib/PhpParser"
                }
            },
            "notification-url": "https://packagist.org/downloads/",
            "license": [
                "BSD-3-Clause"
            ],
            "authors": [
                {
                    "name": "Nikita Popov"
                }
            ],
            "description": "A PHP parser written in PHP",
            "keywords": [
                "parser",
                "php"
            ],
            "time": "2016-04-19 13:41:41"
        },
        {
            "name": "yay/yay",
            "version": "dev-master",
            "source": {
                "type": "git",
                "url": "https://github.com/marcioAlmada/yay.git",
                "reference": "685cd7e4e566820a16ab48d69249bf47134925fd"
            },
            "dist": {
                "type": "zip",
                "url": "https://api.github.com/repos/marcioAlmada/yay/zipball/685cd7e4e566820a16ab48d69249bf47134925fd",
                "reference": "685cd7e4e566820a16ab48d69249bf47134925fd",
                "shasum": ""
            },
            "require": {
                "ext-mbstring": "*",
                "ext-tokenizer": "*",
                "igorw/get-in": "~1.0",
                "nikic/php-parser": "^2.0",
                "php": "7.*"
            },
            "require-dev": {
                "phpunit/phpunit": "~5.2"
            },
            "bin": [
                "bin/yay",
                "bin/yay-pretty"
            ],
            "type": "library",
            "autoload": {
                "files": [
                    "yay_parse.php",
                    "yay_pretty.php",
                    "yay_compile.php",
                    "src/parsers.php",
                    "src/expanders.php",
                    "bootstrap.php"
                ],
                "psr-4": {
                    "Yay\\": "src/"
                }
            },
            "notification-url": "https://packagist.org/downloads/",
            "license": [
                "MIT"
            ],
            "authors": [
                {
                    "name": "Márcio Almada",
                    "email": "marcio3w@gmail.com",
                    "homepage": "https://github.com/marcioAlmada"
                }
            ],
            "description": "A high level PHP Pre-Processor",
            "keywords": [
                "language",
                "pre-processor",
                "syntax"
            ],
            "time": "2016-05-01 12:20:39"
        }
    ],
    "packages-dev": [],
    "aliases": [],
    "minimum-stability": "stable",
    "stability-flags": {
        "yay/yay": 20
    },
    "prefer-stable": false,
    "prefer-lowest": false,
    "platform": [],
    "platform-dev": []
}
